// !$*UTF8*$!
{
	archiveVersion = 1;
	classes = {
	};
	objectVersion = 56;
	objects = {

/* Begin PBXBuildFile section */
		833C46FE294EA39800A14145 /* ETunesApp.swift in Sources */ = {isa = PBXBuildFile; fileRef = 833C46FD294EA39800A14145 /* ETunesApp.swift */; };
		833C4700294EA39800A14145 /* ContentView.swift in Sources */ = {isa = PBXBuildFile; fileRef = 833C46FF294EA39800A14145 /* ContentView.swift */; };
		833C4702294EA39900A14145 /* Assets.xcassets in Resources */ = {isa = PBXBuildFile; fileRef = 833C4701294EA39900A14145 /* Assets.xcassets */; };
		833C4705294EA39900A14145 /* Preview Assets.xcassets in Resources */ = {isa = PBXBuildFile; fileRef = 833C4704294EA39900A14145 /* Preview Assets.xcassets */; };
		833C470F294EA62400A14145 /* Album.swift in Sources */ = {isa = PBXBuildFile; fileRef = 833C470E294EA62400A14145 /* Album.swift */; };
		833C4711294EA82800A14145 /* AlbumListViewModel.swift in Sources */ = {isa = PBXBuildFile; fileRef = 833C4710294EA82700A14145 /* AlbumListViewModel.swift */; };
		833C4713294EAD3500A14145 /* Song.swift in Sources */ = {isa = PBXBuildFile; fileRef = 833C4712294EAD3500A14145 /* Song.swift */; };
		833C4715294EAD4200A14145 /* Movie.swift in Sources */ = {isa = PBXBuildFile; fileRef = 833C4714294EAD4200A14145 /* Movie.swift */; };
		833C4717294EB12400A14145 /* AlbumListView.swift in Sources */ = {isa = PBXBuildFile; fileRef = 833C4716294EB12400A14145 /* AlbumListView.swift */; };
		83702844294FB15E0027D21D /* AlbumSearchView.swift in Sources */ = {isa = PBXBuildFile; fileRef = 83702843294FB15E0027D21D /* AlbumSearchView.swift */; };
		83702846294FCC010027D21D /* APIError.swift in Sources */ = {isa = PBXBuildFile; fileRef = 83702845294FCC010027D21D /* APIError.swift */; };
		83702848294FD4E50027D21D /* APIService.swift in Sources */ = {isa = PBXBuildFile; fileRef = 83702847294FD4E50027D21D /* APIService.swift */; };
		8370284A294FD95F0027D21D /* SongListViewModel.swift in Sources */ = {isa = PBXBuildFile; fileRef = 83702849294FD95F0027D21D /* SongListViewModel.swift */; };
		8370284E294FDA3B0027D21D /* FetchState.swift in Sources */ = {isa = PBXBuildFile; fileRef = 8370284D294FDA3B0027D21D /* FetchState.swift */; };
		83702851294FDB980027D21D /* MovieListViewModel.swift in Sources */ = {isa = PBXBuildFile; fileRef = 83702850294FDB980027D21D /* MovieListViewModel.swift */; };
		83702856294FDCCB0027D21D /* MovieSearchView.swift in Sources */ = {isa = PBXBuildFile; fileRef = 83702855294FDCCB0027D21D /* MovieSearchView.swift */; };
		83702858294FDD600027D21D /* MovieListView.swift in Sources */ = {isa = PBXBuildFile; fileRef = 83702857294FDD600027D21D /* MovieListView.swift */; };
/* End PBXBuildFile section */

/* Begin PBXFileReference section */
		833C46FA294EA39800A14145 /* ETunes.app */ = {isa = PBXFileReference; explicitFileType = wrapper.application; includeInIndex = 0; path = ETunes.app; sourceTree = BUILT_PRODUCTS_DIR; };
		833C46FD294EA39800A14145 /* ETunesApp.swift */ = {isa = PBXFileReference; lastKnownFileType = sourcecode.swift; path = ETunesApp.swift; sourceTree = "<group>"; };
		833C46FF294EA39800A14145 /* ContentView.swift */ = {isa = PBXFileReference; lastKnownFileType = sourcecode.swift; path = ContentView.swift; sourceTree = "<group>"; };
		833C4701294EA39900A14145 /* Assets.xcassets */ = {isa = PBXFileReference; lastKnownFileType = folder.assetcatalog; path = Assets.xcassets; sourceTree = "<group>"; };
		833C4704294EA39900A14145 /* Preview Assets.xcassets */ = {isa = PBXFileReference; lastKnownFileType = folder.assetcatalog; path = "Preview Assets.xcassets"; sourceTree = "<group>"; };
		833C470E294EA62400A14145 /* Album.swift */ = {isa = PBXFileReference; lastKnownFileType = sourcecode.swift; path = Album.swift; sourceTree = "<group>"; };
		833C4710294EA82700A14145 /* AlbumListViewModel.swift */ = {isa = PBXFileReference; lastKnownFileType = sourcecode.swift; path = AlbumListViewModel.swift; sourceTree = "<group>"; };
		833C4712294EAD3500A14145 /* Song.swift */ = {isa = PBXFileReference; lastKnownFileType = sourcecode.swift; path = Song.swift; sourceTree = "<group>"; };
		833C4714294EAD4200A14145 /* Movie.swift */ = {isa = PBXFileReference; lastKnownFileType = sourcecode.swift; path = Movie.swift; sourceTree = "<group>"; };
		833C4716294EB12400A14145 /* AlbumListView.swift */ = {isa = PBXFileReference; lastKnownFileType = sourcecode.swift; path = AlbumListView.swift; sourceTree = "<group>"; };
		83702843294FB15E0027D21D /* AlbumSearchView.swift */ = {isa = PBXFileReference; lastKnownFileType = sourcecode.swift; path = AlbumSearchView.swift; sourceTree = "<group>"; };
		83702845294FCC010027D21D /* APIError.swift */ = {isa = PBXFileReference; lastKnownFileType = sourcecode.swift; path = APIError.swift; sourceTree = "<group>"; };
		83702847294FD4E50027D21D /* APIService.swift */ = {isa = PBXFileReference; lastKnownFileType = sourcecode.swift; path = APIService.swift; sourceTree = "<group>"; };
		83702849294FD95F0027D21D /* SongListViewModel.swift */ = {isa = PBXFileReference; lastKnownFileType = sourcecode.swift; path = SongListViewModel.swift; sourceTree = "<group>"; };
		8370284D294FDA3B0027D21D /* FetchState.swift */ = {isa = PBXFileReference; lastKnownFileType = sourcecode.swift; path = FetchState.swift; sourceTree = "<group>"; };
		83702850294FDB980027D21D /* MovieListViewModel.swift */ = {isa = PBXFileReference; lastKnownFileType = sourcecode.swift; path = MovieListViewModel.swift; sourceTree = "<group>"; };
		83702855294FDCCB0027D21D /* MovieSearchView.swift */ = {isa = PBXFileReference; lastKnownFileType = sourcecode.swift; path = MovieSearchView.swift; sourceTree = "<group>"; };
		83702857294FDD600027D21D /* MovieListView.swift */ = {isa = PBXFileReference; lastKnownFileType = sourcecode.swift; path = MovieListView.swift; sourceTree = "<group>"; };
/* End PBXFileReference section */

/* Begin PBXFrameworksBuildPhase section */
		833C46F7294EA39800A14145 /* Frameworks */ = {
			isa = PBXFrameworksBuildPhase;
			buildActionMask = 2147483647;
			files = (
			);
			runOnlyForDeploymentPostprocessing = 0;
		};
/* End PBXFrameworksBuildPhase section */

/* Begin PBXGroup section */
		833C46F1294EA39800A14145 = {
			isa = PBXGroup;
			children = (
				833C46FC294EA39800A14145 /* ETunes */,
				833C46FB294EA39800A14145 /* Products */,
			);
			sourceTree = "<group>";
		};
		833C46FB294EA39800A14145 /* Products */ = {
			isa = PBXGroup;
			children = (
				833C46FA294EA39800A14145 /* ETunes.app */,
			);
			name = Products;
			sourceTree = "<group>";
		};
		833C46FC294EA39800A14145 /* ETunes */ = {
			isa = PBXGroup;
			children = (
				833C46FD294EA39800A14145 /* ETunesApp.swift */,
				833C46FF294EA39800A14145 /* ContentView.swift */,
				833C470B294EA4FC00A14145 /* view */,
				833C470C294EA51700A14145 /* viewmodel */,
				833C470D294EA57300A14145 /* model */,
				833C4701294EA39900A14145 /* Assets.xcassets */,
				833C4703294EA39900A14145 /* Preview Content */,
			);
			path = ETunes;
			sourceTree = "<group>";
		};
		833C4703294EA39900A14145 /* Preview Content */ = {
			isa = PBXGroup;
			children = (
				833C4704294EA39900A14145 /* Preview Assets.xcassets */,
			);
			path = "Preview Content";
			sourceTree = "<group>";
		};
		833C470B294EA4FC00A14145 /* view */ = {
			isa = PBXGroup;
			children = (
				83702854294FDC900027D21D /* song */,
				83702853294FDC850027D21D /* movie */,
				83702852294FDC770027D21D /* album */,
			);
			path = view;
			sourceTree = "<group>";
		};
		833C470C294EA51700A14145 /* viewmodel */ = {
			isa = PBXGroup;
			children = (
				83702847294FD4E50027D21D /* APIService.swift */,
				833C4710294EA82700A14145 /* AlbumListViewModel.swift */,
				83702850294FDB980027D21D /* MovieListViewModel.swift */,
				83702849294FD95F0027D21D /* SongListViewModel.swift */,
			);
			path = viewmodel;
			sourceTree = "<group>";
		};
		833C470D294EA57300A14145 /* model */ = {
			isa = PBXGroup;
			children = (
				8370284F294FDA880027D21D /* enums */,
				833C470E294EA62400A14145 /* Album.swift */,
				833C4712294EAD3500A14145 /* Song.swift */,
				833C4714294EAD4200A14145 /* Movie.swift */,
				83702845294FCC010027D21D /* APIError.swift */,
			);
			path = model;
			sourceTree = "<group>";
		};
		8370284F294FDA880027D21D /* enums */ = {
			isa = PBXGroup;
			children = (
				8370284D294FDA3B0027D21D /* FetchState.swift */,
			);
			path = enums;
			sourceTree = "<group>";
		};
		83702852294FDC770027D21D /* album */ = {
			isa = PBXGroup;
			children = (
				83702843294FB15E0027D21D /* AlbumSearchView.swift */,
				833C4716294EB12400A14145 /* AlbumListView.swift */,
			);
			path = album;
			sourceTree = "<group>";
		};
		83702853294FDC850027D21D /* movie */ = {
			isa = PBXGroup;
			children = (
				83702855294FDCCB0027D21D /* MovieSearchView.swift */,
				83702857294FDD600027D21D /* MovieListView.swift */,
			);
			path = movie;
			sourceTree = "<group>";
		};
		83702854294FDC900027D21D /* song */ = {
			isa = PBXGroup;
			children = (
			);
			path = song;
			sourceTree = "<group>";
		};
/* End PBXGroup section */

/* Begin PBXNativeTarget section */
		833C46F9294EA39800A14145 /* ETunes */ = {
			isa = PBXNativeTarget;
			buildConfigurationList = 833C4708294EA39900A14145 /* Build configuration list for PBXNativeTarget "ETunes" */;
			buildPhases = (
				833C46F6294EA39800A14145 /* Sources */,
				833C46F7294EA39800A14145 /* Frameworks */,
				833C46F8294EA39800A14145 /* Resources */,
			);
			buildRules = (
			);
			dependencies = (
			);
			name = ETunes;
			productName = ETunes;
			productReference = 833C46FA294EA39800A14145 /* ETunes.app */;
			productType = "com.apple.product-type.application";
		};
/* End PBXNativeTarget section */

/* Begin PBXProject section */
		833C46F2294EA39800A14145 /* Project object */ = {
			isa = PBXProject;
			attributes = {
				BuildIndependentTargetsInParallel = 1;
				LastSwiftUpdateCheck = 1420;
				LastUpgradeCheck = 1420;
				TargetAttributes = {
					833C46F9294EA39800A14145 = {
						CreatedOnToolsVersion = 14.2;
					};
				};
			};
			buildConfigurationList = 833C46F5294EA39800A14145 /* Build configuration list for PBXProject "ETunes" */;
			compatibilityVersion = "Xcode 14.0";
			developmentRegion = en;
			hasScannedForEncodings = 0;
			knownRegions = (
				en,
				Base,
			);
			mainGroup = 833C46F1294EA39800A14145;
			productRefGroup = 833C46FB294EA39800A14145 /* Products */;
			projectDirPath = "";
			projectRoot = "";
			targets = (
				833C46F9294EA39800A14145 /* ETunes */,
			);
		};
/* End PBXProject section */

/* Begin PBXResourcesBuildPhase section */
		833C46F8294EA39800A14145 /* Resources */ = {
			isa = PBXResourcesBuildPhase;
			buildActionMask = 2147483647;
			files = (
				833C4705294EA39900A14145 /* Preview Assets.xcassets in Resources */,
				833C4702294EA39900A14145 /* Assets.xcassets in Resources */,
			);
			runOnlyForDeploymentPostprocessing = 0;
		};
/* End PBXResourcesBuildPhase section */

/* Begin PBXSourcesBuildPhase section */
		833C46F6294EA39800A14145 /* Sources */ = {
			isa = PBXSourcesBuildPhase;
			buildActionMask = 2147483647;
			files = (
				833C4711294EA82800A14145 /* AlbumListViewModel.swift in Sources */,
				83702856294FDCCB0027D21D /* MovieSearchView.swift in Sources */,
				83702858294FDD600027D21D /* MovieListView.swift in Sources */,
				833C4700294EA39800A14145 /* ContentView.swift in Sources */,
				8370284E294FDA3B0027D21D /* FetchState.swift in Sources */,
				8370284A294FD95F0027D21D /* SongListViewModel.swift in Sources */,
				83702844294FB15E0027D21D /* AlbumSearchView.swift in Sources */,
				83702851294FDB980027D21D /* MovieListViewModel.swift in Sources */,
				833C4715294EAD4200A14145 /* Movie.swift in Sources */,
				833C46FE294EA39800A14145 /* ETunesApp.swift in Sources */,
				833C470F294EA62400A14145 /* Album.swift in Sources */,
				83702848294FD4E50027D21D /* APIService.swift in Sources */,
				833C4713294EAD3500A14145 /* Song.swift in Sources */,
				833C4717294EB12400A14145 /* AlbumListView.swift in Sources */,
				83702846294FCC010027D21D /* APIError.swift in Sources */,
			);
			runOnlyForDeploymentPostprocessing = 0;
		};
/* End PBXSourcesBuildPhase section */

/* Begin XCBuildConfiguration section */
		833C4706294EA39900A14145 /* Debug */ = {
			isa = XCBuildConfiguration;
			buildSettings = {
				ALWAYS_SEARCH_USER_PATHS = NO;
				CLANG_ANALYZER_NONNULL = YES;
				CLANG_ANALYZER_NUMBER_OBJECT_CONVERSION = YES_AGGRESSIVE;
				CLANG_CXX_LANGUAGE_STANDARD = "gnu++20";
				CLANG_ENABLE_MODULES = YES;
				CLANG_ENABLE_OBJC_ARC = YES;
				CLANG_ENABLE_OBJC_WEAK = YES;
				CLANG_WARN_BLOCK_CAPTURE_AUTORELEASING = YES;
				CLANG_WARN_BOOL_CONVERSION = YES;
				CLANG_WARN_COMMA = YES;
				CLANG_WARN_CONSTANT_CONVERSION = YES;
				CLANG_WARN_DEPRECATED_OBJC_IMPLEMENTATIONS = YES;
				CLANG_WARN_DIRECT_OBJC_ISA_USAGE = YES_ERROR;
				CLANG_WARN_DOCUMENTATION_COMMENTS = YES;
				CLANG_WARN_EMPTY_BODY = YES;
				CLANG_WARN_ENUM_CONVERSION = YES;
				CLANG_WARN_INFINITE_RECURSION = YES;
				CLANG_WARN_INT_CONVERSION = YES;
				CLANG_WARN_NON_LITERAL_NULL_CONVERSION = YES;
				CLANG_WARN_OBJC_IMPLICIT_RETAIN_SELF = YES;
				CLANG_WARN_OBJC_LITERAL_CONVERSION = YES;
				CLANG_WARN_OBJC_ROOT_CLASS = YES_ERROR;
				CLANG_WARN_QUOTED_INCLUDE_IN_FRAMEWORK_HEADER = YES;
				CLANG_WARN_RANGE_LOOP_ANALYSIS = YES;
				CLANG_WARN_STRICT_PROTOTYPES = YES;
				CLANG_WARN_SUSPICIOUS_MOVE = YES;
				CLANG_WARN_UNGUARDED_AVAILABILITY = YES_AGGRESSIVE;
				CLANG_WARN_UNREACHABLE_CODE = YES;
				CLANG_WARN__DUPLICATE_METHOD_MATCH = YES;
				COPY_PHASE_STRIP = NO;
				DEBUG_INFORMATION_FORMAT = dwarf;
				ENABLE_STRICT_OBJC_MSGSEND = YES;
				ENABLE_TESTABILITY = YES;
				GCC_C_LANGUAGE_STANDARD = gnu11;
				GCC_DYNAMIC_NO_PIC = NO;
				GCC_NO_COMMON_BLOCKS = YES;
				GCC_OPTIMIZATION_LEVEL = 0;
				GCC_PREPROCESSOR_DEFINITIONS = (
					"DEBUG=1",
					"$(inherited)",
				);
				GCC_WARN_64_TO_32_BIT_CONVERSION = YES;
				GCC_WARN_ABOUT_RETURN_TYPE = YES_ERROR;
				GCC_WARN_UNDECLARED_SELECTOR = YES;
				GCC_WARN_UNINITIALIZED_AUTOS = YES_AGGRESSIVE;
				GCC_WARN_UNUSED_FUNCTION = YES;
				GCC_WARN_UNUSED_VARIABLE = YES;
				IPHONEOS_DEPLOYMENT_TARGET = 16.2;
				MTL_ENABLE_DEBUG_INFO = INCLUDE_SOURCE;
				MTL_FAST_MATH = YES;
				ONLY_ACTIVE_ARCH = YES;
				SDKROOT = iphoneos;
				SWIFT_ACTIVE_COMPILATION_CONDITIONS = DEBUG;
				SWIFT_OPTIMIZATION_LEVEL = "-Onone";
			};
			name = Debug;
		};
		833C4707294EA39900A14145 /* Release */ = {
			isa = XCBuildConfiguration;
			buildSettings = {
				ALWAYS_SEARCH_USER_PATHS = NO;
				CLANG_ANALYZER_NONNULL = YES;
				CLANG_ANALYZER_NUMBER_OBJECT_CONVERSION = YES_AGGRESSIVE;
				CLANG_CXX_LANGUAGE_STANDARD = "gnu++20";
				CLANG_ENABLE_MODULES = YES;
				CLANG_ENABLE_OBJC_ARC = YES;
				CLANG_ENABLE_OBJC_WEAK = YES;
				CLANG_WARN_BLOCK_CAPTURE_AUTORELEASING = YES;
				CLANG_WARN_BOOL_CONVERSION = YES;
				CLANG_WARN_COMMA = YES;
				CLANG_WARN_CONSTANT_CONVERSION = YES;
				CLANG_WARN_DEPRECATED_OBJC_IMPLEMENTATIONS = YES;
				CLANG_WARN_DIRECT_OBJC_ISA_USAGE = YES_ERROR;
				CLANG_WARN_DOCUMENTATION_COMMENTS = YES;
				CLANG_WARN_EMPTY_BODY = YES;
				CLANG_WARN_ENUM_CONVERSION = YES;
				CLANG_WARN_INFINITE_RECURSION = YES;
				CLANG_WARN_INT_CONVERSION = YES;
				CLANG_WARN_NON_LITERAL_NULL_CONVERSION = YES;
				CLANG_WARN_OBJC_IMPLICIT_RETAIN_SELF = YES;
				CLANG_WARN_OBJC_LITERAL_CONVERSION = YES;
				CLANG_WARN_OBJC_ROOT_CLASS = YES_ERROR;
				CLANG_WARN_QUOTED_INCLUDE_IN_FRAMEWORK_HEADER = YES;
				CLANG_WARN_RANGE_LOOP_ANALYSIS = YES;
				CLANG_WARN_STRICT_PROTOTYPES = YES;
				CLANG_WARN_SUSPICIOUS_MOVE = YES;
				CLANG_WARN_UNGUARDED_AVAILABILITY = YES_AGGRESSIVE;
				CLANG_WARN_UNREACHABLE_CODE = YES;
				CLANG_WARN__DUPLICATE_METHOD_MATCH = YES;
				COPY_PHASE_STRIP = NO;
				DEBUG_INFORMATION_FORMAT = "dwarf-with-dsym";
				ENABLE_NS_ASSERTIONS = NO;
				ENABLE_STRICT_OBJC_MSGSEND = YES;
				GCC_C_LANGUAGE_STANDARD = gnu11;
				GCC_NO_COMMON_BLOCKS = YES;
				GCC_WARN_64_TO_32_BIT_CONVERSION = YES;
				GCC_WARN_ABOUT_RETURN_TYPE = YES_ERROR;
				GCC_WARN_UNDECLARED_SELECTOR = YES;
				GCC_WARN_UNINITIALIZED_AUTOS = YES_AGGRESSIVE;
				GCC_WARN_UNUSED_FUNCTION = YES;
				GCC_WARN_UNUSED_VARIABLE = YES;
				IPHONEOS_DEPLOYMENT_TARGET = 16.2;
				MTL_ENABLE_DEBUG_INFO = NO;
				MTL_FAST_MATH = YES;
				SDKROOT = iphoneos;
				SWIFT_COMPILATION_MODE = wholemodule;
				SWIFT_OPTIMIZATION_LEVEL = "-O";
				VALIDATE_PRODUCT = YES;
			};
			name = Release;
		};
		833C4709294EA39900A14145 /* Debug */ = {
			isa = XCBuildConfiguration;
			buildSettings = {
				ASSETCATALOG_COMPILER_APPICON_NAME = AppIcon;
				ASSETCATALOG_COMPILER_GLOBAL_ACCENT_COLOR_NAME = AccentColor;
				CODE_SIGN_STYLE = Automatic;
				CURRENT_PROJECT_VERSION = 1;
				DEVELOPMENT_ASSET_PATHS = "\"ETunes/Preview Content\"";
				DEVELOPMENT_TEAM = 48C7G58FX3;
				ENABLE_PREVIEWS = YES;
				GENERATE_INFOPLIST_FILE = YES;
				INFOPLIST_KEY_UIApplicationSceneManifest_Generation = YES;
				INFOPLIST_KEY_UIApplicationSupportsIndirectInputEvents = YES;
				INFOPLIST_KEY_UILaunchScreen_Generation = YES;
				INFOPLIST_KEY_UISupportedInterfaceOrientations_iPad = "UIInterfaceOrientationPortrait UIInterfaceOrientationPortraitUpsideDown UIInterfaceOrientationLandscapeLeft UIInterfaceOrientationLandscapeRight";
				INFOPLIST_KEY_UISupportedInterfaceOrientations_iPhone = "UIInterfaceOrientationPortrait UIInterfaceOrientationLandscapeLeft UIInterfaceOrientationLandscapeRight";
				LD_RUNPATH_SEARCH_PATHS = (
					"$(inherited)",
					"@executable_path/Frameworks",
				);
				MARKETING_VERSION = 1.0;
				PRODUCT_BUNDLE_IDENTIFIER = com.erickpimentel.ETunes;
				PRODUCT_NAME = "$(TARGET_NAME)";
				SWIFT_EMIT_LOC_STRINGS = YES;
				SWIFT_VERSION = 5.0;
				TARGETED_DEVICE_FAMILY = "1,2";
			};
			name = Debug;
		};
		833C470A294EA39900A14145 /* Release */ = {
			isa = XCBuildConfiguration;
			buildSettings = {
				ASSETCATALOG_COMPILER_APPICON_NAME = AppIcon;
				ASSETCATALOG_COMPILER_GLOBAL_ACCENT_COLOR_NAME = AccentColor;
				CODE_SIGN_STYLE = Automatic;
				CURRENT_PROJECT_VERSION = 1;
				DEVELOPMENT_ASSET_PATHS = "\"ETunes/Preview Content\"";
				DEVELOPMENT_TEAM = 48C7G58FX3;
				ENABLE_PREVIEWS = YES;
				GENERATE_INFOPLIST_FILE = YES;
				INFOPLIST_KEY_UIApplicationSceneManifest_Generation = YES;
				INFOPLIST_KEY_UIApplicationSupportsIndirectInputEvents = YES;
				INFOPLIST_KEY_UILaunchScreen_Generation = YES;
				INFOPLIST_KEY_UISupportedInterfaceOrientations_iPad = "UIInterfaceOrientationPortrait UIInterfaceOrientationPortraitUpsideDown UIInterfaceOrientationLandscapeLeft UIInterfaceOrientationLandscapeRight";
				INFOPLIST_KEY_UISupportedInterfaceOrientations_iPhone = "UIInterfaceOrientationPortrait UIInterfaceOrientationLandscapeLeft UIInterfaceOrientationLandscapeRight";
				LD_RUNPATH_SEARCH_PATHS = (
					"$(inherited)",
					"@executable_path/Frameworks",
				);
				MARKETING_VERSION = 1.0;
				PRODUCT_BUNDLE_IDENTIFIER = com.erickpimentel.ETunes;
				PRODUCT_NAME = "$(TARGET_NAME)";
				SWIFT_EMIT_LOC_STRINGS = YES;
				SWIFT_VERSION = 5.0;
				TARGETED_DEVICE_FAMILY = "1,2";
			};
			name = Release;
		};
/* End XCBuildConfiguration section */

/* Begin XCConfigurationList section */
		833C46F5294EA39800A14145 /* Build configuration list for PBXProject "ETunes" */ = {
			isa = XCConfigurationList;
			buildConfigurations = (
				833C4706294EA39900A14145 /* Debug */,
				833C4707294EA39900A14145 /* Release */,
			);
			defaultConfigurationIsVisible = 0;
			defaultConfigurationName = Release;
		};
		833C4708294EA39900A14145 /* Build configuration list for PBXNativeTarget "ETunes" */ = {
			isa = XCConfigurationList;
			buildConfigurations = (
				833C4709294EA39900A14145 /* Debug */,
				833C470A294EA39900A14145 /* Release */,
			);
			defaultConfigurationIsVisible = 0;
			defaultConfigurationName = Release;
		};
/* End XCConfigurationList section */
	};
	rootObject = 833C46F2294EA39800A14145 /* Project object */;
}
